
Microsoft Visual Studio Solution File, Format Version 12.00
# Visual Studio Version 17
VisualStudioVersion = 17.1.32328.378
MinimumVisualStudioVersion = 10.0.40219.1
Project("{FAE04EC0-301F-11D3-BF4B-00C04F79EFBC}") = "WindowsFormsApp1", "WindowsFormsApp1\WindowsFormsApp1.csproj", "{AF48CCF0-7CB2-4EC3-A3C2-BE67AB6B0BBA}"
EndProject
Global
	GlobalSection(SolutionConfigurationPlatforms) = preSolution
		Debug|Any CPU = Debug|Any CPU
		Release|Any CPU = Release|Any CPU
	EndGlobalSection
	GlobalSection(ProjectConfigurationPlatforms) = postSolution
		{AF48CCF0-7CB2-4EC3-A3C2-BE67AB6B0BBA}.Debug|Any CPU.ActiveCfg = Debug|Any CPU
		{AF48CCF0-7CB2-4EC3-A3C2-BE67AB6B0BBA}.Debug|Any CPU.Build.0 = Debug|Any CPU
		{AF48CCF0-7CB2-4EC3-A3C2-BE67AB6B0BBA}.Release|Any CPU.ActiveCfg = Release|Any CPU
		{AF48CCF0-7CB2-4EC3-A3C2-BE67AB6B0BBA}.Release|Any CPU.Build.0 = Release|Any CPU
	EndGlobalSection
	GlobalSection(SolutionProperties) = preSolution
		HideSolutionNode = FALSE
	EndGlobalSection
	GlobalSection(ExtensibilityGlobals) = postSolution
		SolutionGuid = {79FA2E96-71FE-4DD7-925F-EA0A6EE55B52}
	EndGlobalSection
EndGlobal
